
Microsoft Visual Studio Solution File, Format Version 12.00
# Visual Studio Version 17
VisualStudioVersion = 17.11.35327.3
MinimumVisualStudioVersion = 10.0.40219.1
Project("{9A19103F-16F7-4668-BE54-9A1E7A4F7556}") = "miniReddit", "miniReddit.csproj", "{1BE5704B-3130-44F9-BB42-89509EE46B80}"
EndProject
Global
	GlobalSection(SolutionConfigurationPlatforms) = preSolution
		Debug|Any CPU = Debug|Any CPU
		Release|Any CPU = Release|Any CPU
	EndGlobalSection
	GlobalSection(ProjectConfigurationPlatforms) = postSolution
		{1BE5704B-3130-44F9-BB42-89509EE46B80}.Debug|Any CPU.ActiveCfg = Debug|Any CPU
		{1BE5704B-3130-44F9-BB42-89509EE46B80}.Debug|Any CPU.Build.0 = Debug|Any CPU
		{1BE5704B-3130-44F9-BB42-89509EE46B80}.Release|Any CPU.ActiveCfg = Release|Any CPU
		{1BE5704B-3130-44F9-BB42-89509EE46B80}.Release|Any CPU.Build.0 = Release|Any CPU
	EndGlobalSection
	GlobalSection(SolutionProperties) = preSolution
		HideSolutionNode = FALSE
	EndGlobalSection
	GlobalSection(ExtensibilityGlobals) = postSolution
		SolutionGuid = {950FD4C9-086C-430F-918F-B0ABF660169B}
	EndGlobalSection
EndGlobal
